
Microsoft Visual Studio Solution File, Format Version 12.00
# Visual Studio Version 16
VisualStudioVersion = 16.0.33328.57
MinimumVisualStudioVersion = 10.0.40219.1
Project("{9A19103F-16F7-4668-BE54-9A1E7A4F7556}") = "Mitrol.Framework.GraphQL", "src\Mitrol.Framework.GraphQL\Mitrol.Framework.GraphQL.csproj", "{2AAFD294-2245-4404-83FD-6837F914CE40}"
EndProject
Project("{2150E333-8FDC-42A3-9474-1A3956D46DE8}") = "GraphQL", "GraphQL", "{037AEBBE-4F59-43C0-8DD4-99B817B98920}"
EndProject
Project("{2150E333-8FDC-42A3-9474-1A3956D46DE8}") = "Domain", "Domain", "{5B78E3C8-131D-4FF9-B571-BC2213D7B228}"
EndProject
Project("{2150E333-8FDC-42A3-9474-1A3956D46DE8}") = "Microservices", "Microservices", "{DE7FF705-158E-4041-810A-1FB5D6BBA8D2}"
EndProject
Project("{2150E333-8FDC-42A3-9474-1A3956D46DE8}") = "Gateway", "Gateway", "{1726A1D0-1A1D-41A5-9227-2E828CCA050C}"
EndProject
Project("{2150E333-8FDC-42A3-9474-1A3956D46DE8}") = "MachineManagement", "MachineManagement", "{167A3CA7-A8BF-4D5F-9AA2-B01AE1E40A1C}"
EndProject
Project("{9A19103F-16F7-4668-BE54-9A1E7A4F7556}") = "Mitrol.Framework.Gateway.Api", "src\Mitrol.Framework.Gateway.Api\Mitrol.Framework.Gateway.Api.csproj", "{BA2C4C61-E771-4E14-A57C-235A34F459D3}"
EndProject
Project("{9A19103F-16F7-4668-BE54-9A1E7A4F7556}") = "Mitrol.Framework.Domain.Core", "src\Mitrol.Framework.Domain.Core\Mitrol.Framework.Domain.Core.csproj", "{AA6BC650-E9AA-48E3-883B-A3B252A0C50B}"
EndProject
Project("{2150E333-8FDC-42A3-9474-1A3956D46DE8}") = "Solution Items", "Solution Items", "{A96E2F72-3A0D-47C7-B3F9-DA5A1F9C8CF5}"
	ProjectSection(SolutionItems) = preProject
		.editorconfig = .editorconfig
		src\AssemblyInfo_Global.cs = src\AssemblyInfo_Global.cs
	EndProjectSection
EndProject
Project("{2150E333-8FDC-42A3-9474-1A3956D46DE8}") = "Api", "Api", "{24C47B36-7037-46EE-8746-3B3FDB521381}"
EndProject
Project("{2150E333-8FDC-42A3-9474-1A3956D46DE8}") = "Application", "Application", "{68CD7819-F140-43ED-ACE9-00803EECA648}"
EndProject
Project("{9A19103F-16F7-4668-BE54-9A1E7A4F7556}") = "Mitrol.Framework.MachineManagement.Application", "src\Mitrol.Framework.MachineManagement.Application\Mitrol.Framework.MachineManagement.Application.csproj", "{C7721E9A-AC3C-45A8-AD0C-A7FDE5E01EBD}"
EndProject
Project("{9A19103F-16F7-4668-BE54-9A1E7A4F7556}") = "Mitrol.Frameework.MachineManagement.Api", "src\Mitrol.Framework.MachineManagement.Api\Mitrol.Frameework.MachineManagement.Api.csproj", "{A9BBAC4D-C8C4-48E1-B561-F242CDCCF5FA}"
EndProject
Project("{2150E333-8FDC-42A3-9474-1A3956D46DE8}") = "Data", "Data", "{601DFD30-2F55-4979-A2E3-203F3CED51E4}"
EndProject
Project("{2150E333-8FDC-42A3-9474-1A3956D46DE8}") = "MySQL", "MySQL", "{D17D0E72-DF9D-46C4-AE8A-681090887BAE}"
EndProject
Project("{9A19103F-16F7-4668-BE54-9A1E7A4F7556}") = "Mitrol.Framework..MachineManagement.Data.MySQL", "src\Mitrol.Frameework.MachineManagement.Data.MySQL\Mitrol.Framework..MachineManagement.Data.MySQL.csproj", "{AC50416E-A97C-4C56-B044-8B99FC514DC5}"
EndProject
Project("{9A19103F-16F7-4668-BE54-9A1E7A4F7556}") = "Mitrol.Framework.Domain", "src\Mitrol.Framework.Domain\Mitrol.Framework.Domain.csproj", "{1975DBDA-CC3A-4AA0-954A-6B0531ADC923}"
EndProject
Project("{2150E333-8FDC-42A3-9474-1A3956D46DE8}") = "Domain", "Domain", "{47583D75-C2B1-488E-BD1C-6A54E3F40777}"
EndProject
Project("{9A19103F-16F7-4668-BE54-9A1E7A4F7556}") = "Mitrol.Framework.MachineManagement.Domain", "src\Mitrol.Framework.MachineManagement.Domain\Mitrol.Framework.MachineManagement.Domain.csproj", "{BBF512DC-E025-4AAA-8B51-19C532476D9C}"
EndProject
Project("{2150E333-8FDC-42A3-9474-1A3956D46DE8}") = "Tests", "Tests", "{3869351E-1220-4970-9FE2-39CA84520E01}"
EndProject
Project("{9A19103F-16F7-4668-BE54-9A1E7A4F7556}") = "Mitrol.Framework.XUnitTests", "src\Mitrol.Framework.MachineManagement.XUnitTests\Mitrol.Framework.XUnitTests.csproj", "{8B926711-69FA-477E-B646-C85ECC4AB706}"
EndProject
Global
	GlobalSection(SolutionConfigurationPlatforms) = preSolution
		Debug|Any CPU = Debug|Any CPU
		Debug|x64 = Debug|x64
		Debug|x86 = Debug|x86
		Release|Any CPU = Release|Any CPU
		Release|x64 = Release|x64
		Release|x86 = Release|x86
	EndGlobalSection
	GlobalSection(ProjectConfigurationPlatforms) = postSolution
		{2AAFD294-2245-4404-83FD-6837F914CE40}.Debug|Any CPU.ActiveCfg = Debug|Any CPU
		{2AAFD294-2245-4404-83FD-6837F914CE40}.Debug|Any CPU.Build.0 = Debug|Any CPU
		{2AAFD294-2245-4404-83FD-6837F914CE40}.Debug|x64.ActiveCfg = Debug|Any CPU
		{2AAFD294-2245-4404-83FD-6837F914CE40}.Debug|x64.Build.0 = Debug|Any CPU
		{2AAFD294-2245-4404-83FD-6837F914CE40}.Debug|x86.ActiveCfg = Debug|Any CPU
		{2AAFD294-2245-4404-83FD-6837F914CE40}.Debug|x86.Build.0 = Debug|Any CPU
		{2AAFD294-2245-4404-83FD-6837F914CE40}.Release|Any CPU.ActiveCfg = Release|Any CPU
		{2AAFD294-2245-4404-83FD-6837F914CE40}.Release|Any CPU.Build.0 = Release|Any CPU
		{2AAFD294-2245-4404-83FD-6837F914CE40}.Release|x64.ActiveCfg = Release|Any CPU
		{2AAFD294-2245-4404-83FD-6837F914CE40}.Release|x64.Build.0 = Release|Any CPU
		{2AAFD294-2245-4404-83FD-6837F914CE40}.Release|x86.ActiveCfg = Release|Any CPU
		{2AAFD294-2245-4404-83FD-6837F914CE40}.Release|x86.Build.0 = Release|Any CPU
		{BA2C4C61-E771-4E14-A57C-235A34F459D3}.Debug|Any CPU.ActiveCfg = Debug|Any CPU
		{BA2C4C61-E771-4E14-A57C-235A34F459D3}.Debug|Any CPU.Build.0 = Debug|Any CPU
		{BA2C4C61-E771-4E14-A57C-235A34F459D3}.Debug|x64.ActiveCfg = Debug|Any CPU
		{BA2C4C61-E771-4E14-A57C-235A34F459D3}.Debug|x64.Build.0 = Debug|Any CPU
		{BA2C4C61-E771-4E14-A57C-235A34F459D3}.Debug|x86.ActiveCfg = Debug|Any CPU
		{BA2C4C61-E771-4E14-A57C-235A34F459D3}.Debug|x86.Build.0 = Debug|Any CPU
		{BA2C4C61-E771-4E14-A57C-235A34F459D3}.Release|Any CPU.ActiveCfg = Release|Any CPU
		{BA2C4C61-E771-4E14-A57C-235A34F459D3}.Release|Any CPU.Build.0 = Release|Any CPU
		{BA2C4C61-E771-4E14-A57C-235A34F459D3}.Release|x64.ActiveCfg = Release|Any CPU
		{BA2C4C61-E771-4E14-A57C-235A34F459D3}.Release|x64.Build.0 = Release|Any CPU
		{BA2C4C61-E771-4E14-A57C-235A34F459D3}.Release|x86.ActiveCfg = Release|Any CPU
		{BA2C4C61-E771-4E14-A57C-235A34F459D3}.Release|x86.Build.0 = Release|Any CPU
		{AA6BC650-E9AA-48E3-883B-A3B252A0C50B}.Debug|Any CPU.ActiveCfg = Debug|Any CPU
		{AA6BC650-E9AA-48E3-883B-A3B252A0C50B}.Debug|Any CPU.Build.0 = Debug|Any CPU
		{AA6BC650-E9AA-48E3-883B-A3B252A0C50B}.Debug|x64.ActiveCfg = Debug|Any CPU
		{AA6BC650-E9AA-48E3-883B-A3B252A0C50B}.Debug|x64.Build.0 = Debug|Any CPU
		{AA6BC650-E9AA-48E3-883B-A3B252A0C50B}.Debug|x86.ActiveCfg = Debug|Any CPU
		{AA6BC650-E9AA-48E3-883B-A3B252A0C50B}.Debug|x86.Build.0 = Debug|Any CPU
		{AA6BC650-E9AA-48E3-883B-A3B252A0C50B}.Release|Any CPU.ActiveCfg = Release|Any CPU
		{AA6BC650-E9AA-48E3-883B-A3B252A0C50B}.Release|Any CPU.Build.0 = Release|Any CPU
		{AA6BC650-E9AA-48E3-883B-A3B252A0C50B}.Release|x64.ActiveCfg = Release|Any CPU
		{AA6BC650-E9AA-48E3-883B-A3B252A0C50B}.Release|x64.Build.0 = Release|Any CPU
		{AA6BC650-E9AA-48E3-883B-A3B252A0C50B}.Release|x86.ActiveCfg = Release|Any CPU
		{AA6BC650-E9AA-48E3-883B-A3B252A0C50B}.Release|x86.Build.0 = Release|Any CPU
		{C7721E9A-AC3C-45A8-AD0C-A7FDE5E01EBD}.Debug|Any CPU.ActiveCfg = Debug|Any CPU
		{C7721E9A-AC3C-45A8-AD0C-A7FDE5E01EBD}.Debug|Any CPU.Build.0 = Debug|Any CPU
		{C7721E9A-AC3C-45A8-AD0C-A7FDE5E01EBD}.Debug|x64.ActiveCfg = Debug|Any CPU
		{C7721E9A-AC3C-45A8-AD0C-A7FDE5E01EBD}.Debug|x64.Build.0 = Debug|Any CPU
		{C7721E9A-AC3C-45A8-AD0C-A7FDE5E01EBD}.Debug|x86.ActiveCfg = Debug|Any CPU
		{C7721E9A-AC3C-45A8-AD0C-A7FDE5E01EBD}.Debug|x86.Build.0 = Debug|Any CPU
		{C7721E9A-AC3C-45A8-AD0C-A7FDE5E01EBD}.Release|Any CPU.ActiveCfg = Release|Any CPU
		{C7721E9A-AC3C-45A8-AD0C-A7FDE5E01EBD}.Release|Any CPU.Build.0 = Release|Any CPU
		{C7721E9A-AC3C-45A8-AD0C-A7FDE5E01EBD}.Release|x64.ActiveCfg = Release|Any CPU
		{C7721E9A-AC3C-45A8-AD0C-A7FDE5E01EBD}.Release|x64.Build.0 = Release|Any CPU
		{C7721E9A-AC3C-45A8-AD0C-A7FDE5E01EBD}.Release|x86.ActiveCfg = Release|Any CPU
		{C7721E9A-AC3C-45A8-AD0C-A7FDE5E01EBD}.Release|x86.Build.0 = Release|Any CPU
		{A9BBAC4D-C8C4-48E1-B561-F242CDCCF5FA}.Debug|Any CPU.ActiveCfg = Debug|Any CPU
		{A9BBAC4D-C8C4-48E1-B561-F242CDCCF5FA}.Debug|Any CPU.Build.0 = Debug|Any CPU
		{A9BBAC4D-C8C4-48E1-B561-F242CDCCF5FA}.Debug|x64.ActiveCfg = Debug|Any CPU
		{A9BBAC4D-C8C4-48E1-B561-F242CDCCF5FA}.Debug|x64.Build.0 = Debug|Any CPU
		{A9BBAC4D-C8C4-48E1-B561-F242CDCCF5FA}.Debug|x86.ActiveCfg = Debug|Any CPU
		{A9BBAC4D-C8C4-48E1-B561-F242CDCCF5FA}.Debug|x86.Build.0 = Debug|Any CPU
		{A9BBAC4D-C8C4-48E1-B561-F242CDCCF5FA}.Release|Any CPU.ActiveCfg = Release|Any CPU
		{A9BBAC4D-C8C4-48E1-B561-F242CDCCF5FA}.Release|Any CPU.Build.0 = Release|Any CPU
		{A9BBAC4D-C8C4-48E1-B561-F242CDCCF5FA}.Release|x64.ActiveCfg = Release|Any CPU
		{A9BBAC4D-C8C4-48E1-B561-F242CDCCF5FA}.Release|x64.Build.0 = Release|Any CPU
		{A9BBAC4D-C8C4-48E1-B561-F242CDCCF5FA}.Release|x86.ActiveCfg = Release|Any CPU
		{A9BBAC4D-C8C4-48E1-B561-F242CDCCF5FA}.Release|x86.Build.0 = Release|Any CPU
		{AC50416E-A97C-4C56-B044-8B99FC514DC5}.Debug|Any CPU.ActiveCfg = Debug|Any CPU
		{AC50416E-A97C-4C56-B044-8B99FC514DC5}.Debug|Any CPU.Build.0 = Debug|Any CPU
		{AC50416E-A97C-4C56-B044-8B99FC514DC5}.Debug|x64.ActiveCfg = Debug|Any CPU
		{AC50416E-A97C-4C56-B044-8B99FC514DC5}.Debug|x64.Build.0 = Debug|Any CPU
		{AC50416E-A97C-4C56-B044-8B99FC514DC5}.Debug|x86.ActiveCfg = Debug|Any CPU
		{AC50416E-A97C-4C56-B044-8B99FC514DC5}.Debug|x86.Build.0 = Debug|Any CPU
		{AC50416E-A97C-4C56-B044-8B99FC514DC5}.Release|Any CPU.ActiveCfg = Release|Any CPU
		{AC50416E-A97C-4C56-B044-8B99FC514DC5}.Release|Any CPU.Build.0 = Release|Any CPU
		{AC50416E-A97C-4C56-B044-8B99FC514DC5}.Release|x64.ActiveCfg = Release|Any CPU
		{AC50416E-A97C-4C56-B044-8B99FC514DC5}.Release|x64.Build.0 = Release|Any CPU
		{AC50416E-A97C-4C56-B044-8B99FC514DC5}.Release|x86.ActiveCfg = Release|Any CPU
		{AC50416E-A97C-4C56-B044-8B99FC514DC5}.Release|x86.Build.0 = Release|Any CPU
		{1975DBDA-CC3A-4AA0-954A-6B0531ADC923}.Debug|Any CPU.ActiveCfg = Debug|Any CPU
		{1975DBDA-CC3A-4AA0-954A-6B0531ADC923}.Debug|Any CPU.Build.0 = Debug|Any CPU
		{1975DBDA-CC3A-4AA0-954A-6B0531ADC923}.Debug|x64.ActiveCfg = Debug|Any CPU
		{1975DBDA-CC3A-4AA0-954A-6B0531ADC923}.Debug|x64.Build.0 = Debug|Any CPU
		{1975DBDA-CC3A-4AA0-954A-6B0531ADC923}.Debug|x86.ActiveCfg = Debug|Any CPU
		{1975DBDA-CC3A-4AA0-954A-6B0531ADC923}.Debug|x86.Build.0 = Debug|Any CPU
		{1975DBDA-CC3A-4AA0-954A-6B0531ADC923}.Release|Any CPU.ActiveCfg = Release|Any CPU
		{1975DBDA-CC3A-4AA0-954A-6B0531ADC923}.Release|Any CPU.Build.0 = Release|Any CPU
		{1975DBDA-CC3A-4AA0-954A-6B0531ADC923}.Release|x64.ActiveCfg = Release|Any CPU
		{1975DBDA-CC3A-4AA0-954A-6B0531ADC923}.Release|x64.Build.0 = Release|Any CPU
		{1975DBDA-CC3A-4AA0-954A-6B0531ADC923}.Release|x86.ActiveCfg = Release|Any CPU
		{1975DBDA-CC3A-4AA0-954A-6B0531ADC923}.Release|x86.Build.0 = Release|Any CPU
		{BBF512DC-E025-4AAA-8B51-19C532476D9C}.Debug|Any CPU.ActiveCfg = Debug|Any CPU
		{BBF512DC-E025-4AAA-8B51-19C532476D9C}.Debug|Any CPU.Build.0 = Debug|Any CPU
		{BBF512DC-E025-4AAA-8B51-19C532476D9C}.Debug|x64.ActiveCfg = Debug|Any CPU
		{BBF512DC-E025-4AAA-8B51-19C532476D9C}.Debug|x64.Build.0 = Debug|Any CPU
		{BBF512DC-E025-4AAA-8B51-19C532476D9C}.Debug|x86.ActiveCfg = Debug|Any CPU
		{BBF512DC-E025-4AAA-8B51-19C532476D9C}.Debug|x86.Build.0 = Debug|Any CPU
		{BBF512DC-E025-4AAA-8B51-19C532476D9C}.Release|Any CPU.ActiveCfg = Release|Any CPU
		{BBF512DC-E025-4AAA-8B51-19C532476D9C}.Release|Any CPU.Build.0 = Release|Any CPU
		{BBF512DC-E025-4AAA-8B51-19C532476D9C}.Release|x64.ActiveCfg = Release|Any CPU
		{BBF512DC-E025-4AAA-8B51-19C532476D9C}.Release|x64.Build.0 = Release|Any CPU
		{BBF512DC-E025-4AAA-8B51-19C532476D9C}.Release|x86.ActiveCfg = Release|Any CPU
		{BBF512DC-E025-4AAA-8B51-19C532476D9C}.Release|x86.Build.0 = Release|Any CPU
		{8B926711-69FA-477E-B646-C85ECC4AB706}.Debug|Any CPU.ActiveCfg = Debug|Any CPU
		{8B926711-69FA-477E-B646-C85ECC4AB706}.Debug|Any CPU.Build.0 = Debug|Any CPU
		{8B926711-69FA-477E-B646-C85ECC4AB706}.Debug|x64.ActiveCfg = Debug|Any CPU
		{8B926711-69FA-477E-B646-C85ECC4AB706}.Debug|x64.Build.0 = Debug|Any CPU
		{8B926711-69FA-477E-B646-C85ECC4AB706}.Debug|x86.ActiveCfg = Debug|Any CPU
		{8B926711-69FA-477E-B646-C85ECC4AB706}.Debug|x86.Build.0 = Debug|Any CPU
		{8B926711-69FA-477E-B646-C85ECC4AB706}.Release|Any CPU.ActiveCfg = Release|Any CPU
		{8B926711-69FA-477E-B646-C85ECC4AB706}.Release|Any CPU.Build.0 = Release|Any CPU
		{8B926711-69FA-477E-B646-C85ECC4AB706}.Release|x64.ActiveCfg = Release|Any CPU
		{8B926711-69FA-477E-B646-C85ECC4AB706}.Release|x64.Build.0 = Release|Any CPU
		{8B926711-69FA-477E-B646-C85ECC4AB706}.Release|x86.ActiveCfg = Release|Any CPU
		{8B926711-69FA-477E-B646-C85ECC4AB706}.Release|x86.Build.0 = Release|Any CPU
	EndGlobalSection
	GlobalSection(SolutionProperties) = preSolution
		HideSolutionNode = FALSE
	EndGlobalSection
	GlobalSection(NestedProjects) = preSolution
		{2AAFD294-2245-4404-83FD-6837F914CE40} = {037AEBBE-4F59-43C0-8DD4-99B817B98920}
		{1726A1D0-1A1D-41A5-9227-2E828CCA050C} = {DE7FF705-158E-4041-810A-1FB5D6BBA8D2}
		{167A3CA7-A8BF-4D5F-9AA2-B01AE1E40A1C} = {DE7FF705-158E-4041-810A-1FB5D6BBA8D2}
		{BA2C4C61-E771-4E14-A57C-235A34F459D3} = {1726A1D0-1A1D-41A5-9227-2E828CCA050C}
		{AA6BC650-E9AA-48E3-883B-A3B252A0C50B} = {5B78E3C8-131D-4FF9-B571-BC2213D7B228}
		{24C47B36-7037-46EE-8746-3B3FDB521381} = {167A3CA7-A8BF-4D5F-9AA2-B01AE1E40A1C}
		{68CD7819-F140-43ED-ACE9-00803EECA648} = {167A3CA7-A8BF-4D5F-9AA2-B01AE1E40A1C}
		{C7721E9A-AC3C-45A8-AD0C-A7FDE5E01EBD} = {68CD7819-F140-43ED-ACE9-00803EECA648}
		{A9BBAC4D-C8C4-48E1-B561-F242CDCCF5FA} = {24C47B36-7037-46EE-8746-3B3FDB521381}
		{601DFD30-2F55-4979-A2E3-203F3CED51E4} = {167A3CA7-A8BF-4D5F-9AA2-B01AE1E40A1C}
		{D17D0E72-DF9D-46C4-AE8A-681090887BAE} = {601DFD30-2F55-4979-A2E3-203F3CED51E4}
		{AC50416E-A97C-4C56-B044-8B99FC514DC5} = {D17D0E72-DF9D-46C4-AE8A-681090887BAE}
		{1975DBDA-CC3A-4AA0-954A-6B0531ADC923} = {5B78E3C8-131D-4FF9-B571-BC2213D7B228}
		{47583D75-C2B1-488E-BD1C-6A54E3F40777} = {167A3CA7-A8BF-4D5F-9AA2-B01AE1E40A1C}
		{BBF512DC-E025-4AAA-8B51-19C532476D9C} = {47583D75-C2B1-488E-BD1C-6A54E3F40777}
		{8B926711-69FA-477E-B646-C85ECC4AB706} = {3869351E-1220-4970-9FE2-39CA84520E01}
	EndGlobalSection
	GlobalSection(ExtensibilityGlobals) = postSolution
		SolutionGuid = {E61C99DF-F61C-412E-AFD4-F8EE11A99349}
	EndGlobalSection
EndGlobal
