
Microsoft Visual Studio Solution File, Format Version 12.00
# Visual Studio Version 16
VisualStudioVersion = 16.0.32106.194
MinimumVisualStudioVersion = 10.0.40219.1
Project("{9A19103F-16F7-4668-BE54-9A1E7A4F7556}") = "Mitrol.Framework.Domain", "TestsRepoDb.Domain\Mitrol.Framework.Domain.csproj", "{87C4EADA-925C-4FA8-A9CF-ACF4E318F183}"
EndProject
Project("{9A19103F-16F7-4668-BE54-9A1E7A4F7556}") = "Mitrol.Framework.MachineManagement.Data.RepDb", "TestsRepoDb.Data\Mitrol.Framework.MachineManagement.Data.RepDb.csproj", "{C4960746-680D-4134-BFF2-E4121440A6F2}"
EndProject
Project("{9A19103F-16F7-4668-BE54-9A1E7A4F7556}") = "Mitrol.Framework..MachineManagement.Data.MySQL", "TestsEF.Data\Mitrol.Framework..MachineManagement.Data.MySQL.csproj", "{55907AFB-9B35-41DE-A7F2-5E522CA47EF1}"
EndProject
Project("{9A19103F-16F7-4668-BE54-9A1E7A4F7556}") = "XUnitTests", "XUnitTests\XUnitTests.csproj", "{A279A511-0E7C-4974-8C76-62DA12F6C403}"
EndProject
Project("{9A19103F-16F7-4668-BE54-9A1E7A4F7556}") = "Mitrol.Framework.GraphQL", "RepoDbVsEF.GraphQL\Mitrol.Framework.GraphQL.csproj", "{42157B1E-B719-4FAB-9EF5-765F18420584}"
EndProject
Project("{9A19103F-16F7-4668-BE54-9A1E7A4F7556}") = "Mitrol.Framework.MachineManagement.Application", "RepoDbVsEF.Application\Mitrol.Framework.MachineManagement.Application.csproj", "{6280BDFF-599A-417C-A98C-539723EB7331}"
EndProject
Project("{2150E333-8FDC-42A3-9474-1A3956D46DE8}") = "Microservices", "Microservices", "{2421F422-9B62-4F65-810C-4642A09CE5EC}"
EndProject
Project("{2150E333-8FDC-42A3-9474-1A3956D46DE8}") = "Gateway", "Gateway", "{040D949D-51A5-45B5-90AB-1E64E23BA769}"
EndProject
Project("{2150E333-8FDC-42A3-9474-1A3956D46DE8}") = "MachineManagement", "MachineManagement", "{AAB45308-D814-46F9-B77D-94AEC5C5F78C}"
EndProject
Project("{2150E333-8FDC-42A3-9474-1A3956D46DE8}") = "Api", "Api", "{97DBEEA1-EAA4-4156-8ED4-D582C1FDD7E1}"
EndProject
Project("{2150E333-8FDC-42A3-9474-1A3956D46DE8}") = "Application", "Application", "{B7DD3426-5B2F-4C6A-ABBA-0FE00AA87FDD}"
EndProject
Project("{2150E333-8FDC-42A3-9474-1A3956D46DE8}") = "Domain", "Domain", "{CF114F3B-7AA8-470F-9625-3E164A071FB2}"
EndProject
Project("{2150E333-8FDC-42A3-9474-1A3956D46DE8}") = "Data", "Data", "{0C63076F-D316-4C97-B5CF-20A184B09B71}"
EndProject
Project("{2150E333-8FDC-42A3-9474-1A3956D46DE8}") = "MySQL", "MySQL", "{DEE19F93-CF74-409C-B135-927419B75DD6}"
EndProject
Project("{2150E333-8FDC-42A3-9474-1A3956D46DE8}") = "GraphQL", "GraphQL", "{E2AFC577-2C90-4A19-A5B3-0C9EADF21AD1}"
EndProject
Project("{2150E333-8FDC-42A3-9474-1A3956D46DE8}") = "RepoDb", "RepoDb", "{D0A45748-2B7C-4354-AB16-D33DD2125E6A}"
EndProject
Global
	GlobalSection(SolutionConfigurationPlatforms) = preSolution
		Debug|Any CPU = Debug|Any CPU
		Release|Any CPU = Release|Any CPU
	EndGlobalSection
	GlobalSection(ProjectConfigurationPlatforms) = postSolution
		{87C4EADA-925C-4FA8-A9CF-ACF4E318F183}.Debug|Any CPU.ActiveCfg = Debug|Any CPU
		{87C4EADA-925C-4FA8-A9CF-ACF4E318F183}.Debug|Any CPU.Build.0 = Debug|Any CPU
		{87C4EADA-925C-4FA8-A9CF-ACF4E318F183}.Release|Any CPU.ActiveCfg = Release|Any CPU
		{87C4EADA-925C-4FA8-A9CF-ACF4E318F183}.Release|Any CPU.Build.0 = Release|Any CPU
		{C4960746-680D-4134-BFF2-E4121440A6F2}.Debug|Any CPU.ActiveCfg = Debug|Any CPU
		{C4960746-680D-4134-BFF2-E4121440A6F2}.Debug|Any CPU.Build.0 = Debug|Any CPU
		{C4960746-680D-4134-BFF2-E4121440A6F2}.Release|Any CPU.ActiveCfg = Release|Any CPU
		{C4960746-680D-4134-BFF2-E4121440A6F2}.Release|Any CPU.Build.0 = Release|Any CPU
		{55907AFB-9B35-41DE-A7F2-5E522CA47EF1}.Debug|Any CPU.ActiveCfg = Debug|Any CPU
		{55907AFB-9B35-41DE-A7F2-5E522CA47EF1}.Debug|Any CPU.Build.0 = Debug|Any CPU
		{55907AFB-9B35-41DE-A7F2-5E522CA47EF1}.Release|Any CPU.ActiveCfg = Release|Any CPU
		{55907AFB-9B35-41DE-A7F2-5E522CA47EF1}.Release|Any CPU.Build.0 = Release|Any CPU
		{A279A511-0E7C-4974-8C76-62DA12F6C403}.Debug|Any CPU.ActiveCfg = Debug|Any CPU
		{A279A511-0E7C-4974-8C76-62DA12F6C403}.Debug|Any CPU.Build.0 = Debug|Any CPU
		{A279A511-0E7C-4974-8C76-62DA12F6C403}.Release|Any CPU.ActiveCfg = Release|Any CPU
		{A279A511-0E7C-4974-8C76-62DA12F6C403}.Release|Any CPU.Build.0 = Release|Any CPU
		{42157B1E-B719-4FAB-9EF5-765F18420584}.Debug|Any CPU.ActiveCfg = Debug|Any CPU
		{42157B1E-B719-4FAB-9EF5-765F18420584}.Debug|Any CPU.Build.0 = Debug|Any CPU
		{42157B1E-B719-4FAB-9EF5-765F18420584}.Release|Any CPU.ActiveCfg = Release|Any CPU
		{42157B1E-B719-4FAB-9EF5-765F18420584}.Release|Any CPU.Build.0 = Release|Any CPU
		{6280BDFF-599A-417C-A98C-539723EB7331}.Debug|Any CPU.ActiveCfg = Debug|Any CPU
		{6280BDFF-599A-417C-A98C-539723EB7331}.Debug|Any CPU.Build.0 = Debug|Any CPU
		{6280BDFF-599A-417C-A98C-539723EB7331}.Release|Any CPU.ActiveCfg = Release|Any CPU
		{6280BDFF-599A-417C-A98C-539723EB7331}.Release|Any CPU.Build.0 = Release|Any CPU
	EndGlobalSection
	GlobalSection(SolutionProperties) = preSolution
		HideSolutionNode = FALSE
	EndGlobalSection
	GlobalSection(NestedProjects) = preSolution
		{87C4EADA-925C-4FA8-A9CF-ACF4E318F183} = {CF114F3B-7AA8-470F-9625-3E164A071FB2}
		{C4960746-680D-4134-BFF2-E4121440A6F2} = {D0A45748-2B7C-4354-AB16-D33DD2125E6A}
		{55907AFB-9B35-41DE-A7F2-5E522CA47EF1} = {DEE19F93-CF74-409C-B135-927419B75DD6}
		{42157B1E-B719-4FAB-9EF5-765F18420584} = {E2AFC577-2C90-4A19-A5B3-0C9EADF21AD1}
		{6280BDFF-599A-417C-A98C-539723EB7331} = {B7DD3426-5B2F-4C6A-ABBA-0FE00AA87FDD}
		{040D949D-51A5-45B5-90AB-1E64E23BA769} = {2421F422-9B62-4F65-810C-4642A09CE5EC}
		{AAB45308-D814-46F9-B77D-94AEC5C5F78C} = {2421F422-9B62-4F65-810C-4642A09CE5EC}
		{97DBEEA1-EAA4-4156-8ED4-D582C1FDD7E1} = {AAB45308-D814-46F9-B77D-94AEC5C5F78C}
		{B7DD3426-5B2F-4C6A-ABBA-0FE00AA87FDD} = {AAB45308-D814-46F9-B77D-94AEC5C5F78C}
		{0C63076F-D316-4C97-B5CF-20A184B09B71} = {AAB45308-D814-46F9-B77D-94AEC5C5F78C}
		{DEE19F93-CF74-409C-B135-927419B75DD6} = {0C63076F-D316-4C97-B5CF-20A184B09B71}
		{D0A45748-2B7C-4354-AB16-D33DD2125E6A} = {0C63076F-D316-4C97-B5CF-20A184B09B71}
	EndGlobalSection
	GlobalSection(ExtensibilityGlobals) = postSolution
		SolutionGuid = {76C11E8A-B2A6-43E4-A0C8-EDFCB544F1BC}
	EndGlobalSection
EndGlobal
